
Microsoft Visual Studio Solution File, Format Version 12.00
# Visual Studio Version 16
VisualStudioVersion = 16.0.30114.105
MinimumVisualStudioVersion = 10.0.40219.1
Project("{FAE04EC0-301F-11D3-BF4B-00C04F79EFBC}") = "CloudWeather.DataLoader", "CloudWeather.DataLoader\CloudWeather.DataLoader.csproj", "{707FD514-84CF-4F86-8B29-7974CDA4E8FF}"
EndProject
Project("{FAE04EC0-301F-11D3-BF4B-00C04F79EFBC}") = "CloudWeather.Precipitation", "CloudWeather.Precipitation\CloudWeather.Precipitation.csproj", "{EA6494D5-8D5C-48F4-B4F7-049F553F1D8E}"
EndProject
Project("{FAE04EC0-301F-11D3-BF4B-00C04F79EFBC}") = "CloudWeather.Report", "CloudWeather.Report\CloudWeather.Report.csproj", "{19033263-81AB-462C-90A5-1FE954EAD5C7}"
EndProject
Project("{FAE04EC0-301F-11D3-BF4B-00C04F79EFBC}") = "CloudWeather.Temperature", "CloudWeather.Temperature\CloudWeather.Temperature.csproj", "{8B135FDC-7E4D-4F80-A688-7CEEC9FD8FE6}"
EndProject
Global
	GlobalSection(SolutionConfigurationPlatforms) = preSolution
		Debug|Any CPU = Debug|Any CPU
		Release|Any CPU = Release|Any CPU
	EndGlobalSection
	GlobalSection(SolutionProperties) = preSolution
		HideSolutionNode = FALSE
	EndGlobalSection
	GlobalSection(ProjectConfigurationPlatforms) = postSolution
		{707FD514-84CF-4F86-8B29-7974CDA4E8FF}.Debug|Any CPU.ActiveCfg = Debug|Any CPU
		{707FD514-84CF-4F86-8B29-7974CDA4E8FF}.Debug|Any CPU.Build.0 = Debug|Any CPU
		{707FD514-84CF-4F86-8B29-7974CDA4E8FF}.Release|Any CPU.ActiveCfg = Release|Any CPU
		{707FD514-84CF-4F86-8B29-7974CDA4E8FF}.Release|Any CPU.Build.0 = Release|Any CPU
		{EA6494D5-8D5C-48F4-B4F7-049F553F1D8E}.Debug|Any CPU.ActiveCfg = Debug|Any CPU
		{EA6494D5-8D5C-48F4-B4F7-049F553F1D8E}.Debug|Any CPU.Build.0 = Debug|Any CPU
		{EA6494D5-8D5C-48F4-B4F7-049F553F1D8E}.Release|Any CPU.ActiveCfg = Release|Any CPU
		{EA6494D5-8D5C-48F4-B4F7-049F553F1D8E}.Release|Any CPU.Build.0 = Release|Any CPU
		{19033263-81AB-462C-90A5-1FE954EAD5C7}.Debug|Any CPU.ActiveCfg = Debug|Any CPU
		{19033263-81AB-462C-90A5-1FE954EAD5C7}.Debug|Any CPU.Build.0 = Debug|Any CPU
		{19033263-81AB-462C-90A5-1FE954EAD5C7}.Release|Any CPU.ActiveCfg = Release|Any CPU
		{19033263-81AB-462C-90A5-1FE954EAD5C7}.Release|Any CPU.Build.0 = Release|Any CPU
		{8B135FDC-7E4D-4F80-A688-7CEEC9FD8FE6}.Debug|Any CPU.ActiveCfg = Debug|Any CPU
		{8B135FDC-7E4D-4F80-A688-7CEEC9FD8FE6}.Debug|Any CPU.Build.0 = Debug|Any CPU
		{8B135FDC-7E4D-4F80-A688-7CEEC9FD8FE6}.Release|Any CPU.ActiveCfg = Release|Any CPU
		{8B135FDC-7E4D-4F80-A688-7CEEC9FD8FE6}.Release|Any CPU.Build.0 = Release|Any CPU
	EndGlobalSection
EndGlobal
